
Microsoft Visual Studio Solution File, Format Version 12.00
# Visual Studio 15
VisualStudioVersion = 15.0.28010.2050
MinimumVisualStudioVersion = 10.0.40219.1
Project("{888888A0-9F3D-457C-B088-3A5042F75D52}") = "FinalYearProject", "FinalYearProject\FinalYearProject.pyproj", "{E7DD45DA-C114-46F4-B9E5-3A50CF377177}"
EndProject
Global
	GlobalSection(SolutionConfigurationPlatforms) = preSolution
		Debug|Any CPU = Debug|Any CPU
		Release|Any CPU = Release|Any CPU
	EndGlobalSection
	GlobalSection(ProjectConfigurationPlatforms) = postSolution
		{E7DD45DA-C114-46F4-B9E5-3A50CF377177}.Debug|Any CPU.ActiveCfg = Debug|Any CPU
		{E7DD45DA-C114-46F4-B9E5-3A50CF377177}.Release|Any CPU.ActiveCfg = Release|Any CPU
	EndGlobalSection
	GlobalSection(SolutionProperties) = preSolution
		HideSolutionNode = FALSE
	EndGlobalSection
	GlobalSection(ExtensibilityGlobals) = postSolution
		SolutionGuid = {0034E674-D114-4D2D-8D9E-FA4CB4068E89}
	EndGlobalSection
EndGlobal
